# This file is automatically @generated by Cargo.
# It is not intended for manual editing.
version = 4

[[package]]
name = "agentd"
version = "0.0.1"
dependencies = [
 "shrek-policy",
]

[[package]]
name = "gatekeeperd"
version = "0.0.1"
dependencies = [
 "shrek-policy",
]

[[package]]
name = "oniond"
version = "0.0.1"

[[package]]
name = "shrek-policy"
version = "0.0.1"

[[package]]
name = "shrekctl"
version = "0.0.1"

[[package]]
name = "swampd"
version = "0.0.1"
